
Microsoft Visual Studio Solution File, Format Version 12.00
# Visual Studio Version 17
VisualStudioVersion = 17.1.32421.90
MinimumVisualStudioVersion = 10.0.40219.1
Project("{FAE04EC0-301F-11D3-BF4B-00C04F79EFBC}") = "Kata3", "Kata3.csproj", "{5A4B954B-5F1D-4AD4-8980-6145406236B1}"
EndProject
Project("{FAE04EC0-301F-11D3-BF4B-00C04F79EFBC}") = "Kata3_Tests", "..\Kata3_Tests\Kata3_Tests.csproj", "{9828110C-BE06-411C-8E8F-158B5C9B35E7}"
EndProject
Global
	GlobalSection(SolutionConfigurationPlatforms) = preSolution
		Debug|Any CPU = Debug|Any CPU
		Release|Any CPU = Release|Any CPU
	EndGlobalSection
	GlobalSection(ProjectConfigurationPlatforms) = postSolution
		{5A4B954B-5F1D-4AD4-8980-6145406236B1}.Debug|Any CPU.ActiveCfg = Debug|Any CPU
		{5A4B954B-5F1D-4AD4-8980-6145406236B1}.Debug|Any CPU.Build.0 = Debug|Any CPU
		{5A4B954B-5F1D-4AD4-8980-6145406236B1}.Release|Any CPU.ActiveCfg = Release|Any CPU
		{5A4B954B-5F1D-4AD4-8980-6145406236B1}.Release|Any CPU.Build.0 = Release|Any CPU
		{9828110C-BE06-411C-8E8F-158B5C9B35E7}.Debug|Any CPU.ActiveCfg = Debug|Any CPU
		{9828110C-BE06-411C-8E8F-158B5C9B35E7}.Debug|Any CPU.Build.0 = Debug|Any CPU
		{9828110C-BE06-411C-8E8F-158B5C9B35E7}.Release|Any CPU.ActiveCfg = Release|Any CPU
		{9828110C-BE06-411C-8E8F-158B5C9B35E7}.Release|Any CPU.Build.0 = Release|Any CPU
	EndGlobalSection
	GlobalSection(SolutionProperties) = preSolution
		HideSolutionNode = FALSE
	EndGlobalSection
	GlobalSection(ExtensibilityGlobals) = postSolution
		SolutionGuid = {A5D4D6E9-CB1A-4568-9340-26B75EBBB839}
	EndGlobalSection
EndGlobal
