
Microsoft Visual Studio Solution File, Format Version 12.00
# Visual Studio Version 17
VisualStudioVersion = 17.1.32421.90
MinimumVisualStudioVersion = 10.0.40219.1
Project("{FAE04EC0-301F-11D3-BF4B-00C04F79EFBC}") = "Kata2", "Kata2.csproj", "{CD14F5A0-93C3-490A-BA9F-DBEE5D25FEBA}"
EndProject
Project("{FAE04EC0-301F-11D3-BF4B-00C04F79EFBC}") = "Kata2_Tests", "..\Kata2_Tests\Kata2_Tests.csproj", "{941ED41A-A3DF-4973-A7FF-2F4F03D167F2}"
EndProject
Global
	GlobalSection(SolutionConfigurationPlatforms) = preSolution
		Debug|Any CPU = Debug|Any CPU
		Release|Any CPU = Release|Any CPU
	EndGlobalSection
	GlobalSection(ProjectConfigurationPlatforms) = postSolution
		{CD14F5A0-93C3-490A-BA9F-DBEE5D25FEBA}.Debug|Any CPU.ActiveCfg = Debug|Any CPU
		{CD14F5A0-93C3-490A-BA9F-DBEE5D25FEBA}.Debug|Any CPU.Build.0 = Debug|Any CPU
		{CD14F5A0-93C3-490A-BA9F-DBEE5D25FEBA}.Release|Any CPU.ActiveCfg = Release|Any CPU
		{CD14F5A0-93C3-490A-BA9F-DBEE5D25FEBA}.Release|Any CPU.Build.0 = Release|Any CPU
		{941ED41A-A3DF-4973-A7FF-2F4F03D167F2}.Debug|Any CPU.ActiveCfg = Debug|Any CPU
		{941ED41A-A3DF-4973-A7FF-2F4F03D167F2}.Debug|Any CPU.Build.0 = Debug|Any CPU
		{941ED41A-A3DF-4973-A7FF-2F4F03D167F2}.Release|Any CPU.ActiveCfg = Release|Any CPU
		{941ED41A-A3DF-4973-A7FF-2F4F03D167F2}.Release|Any CPU.Build.0 = Release|Any CPU
	EndGlobalSection
	GlobalSection(SolutionProperties) = preSolution
		HideSolutionNode = FALSE
	EndGlobalSection
	GlobalSection(ExtensibilityGlobals) = postSolution
		SolutionGuid = {F2912F00-7A99-4C65-BEF6-0C82B26C6A7B}
	EndGlobalSection
EndGlobal
